// !$*UTF8*$!
{
	archiveVersion = 1;
	classes = {
	};
	objectVersion = 77;
	objects = {

/* Begin PBXContainerItemProxy section */
		3E6CA60B2E6F6E7B0054C08E /* PBXContainerItemProxy */ = {
			isa = PBXContainerItemProxy;
			containerPortal = 3E6CA5EC2E6F6E790054C08E /* Project object */;
			proxyType = 1;
			remoteGlobalIDString = 3E6CA5F32E6F6E790054C08E;
			remoteInfo = ArticleList_Walmart;
		};
		3E6CA6152E6F6E7B0054C08E /* PBXContainerItemProxy */ = {
			isa = PBXContainerItemProxy;
			containerPortal = 3E6CA5EC2E6F6E790054C08E /* Project object */;
			proxyType = 1;
			remoteGlobalIDString = 3E6CA5F32E6F6E790054C08E;
			remoteInfo = ArticleList_Walmart;
		};
/* End PBXContainerItemProxy section */

/* Begin PBXFileReference section */
		3E6CA5F42E6F6E790054C08E /* ArticleList_Walmart.app */ = {isa = PBXFileReference; explicitFileType = wrapper.application; includeInIndex = 0; path = ArticleList_Walmart.app; sourceTree = BUILT_PRODUCTS_DIR; };
		3E6CA60A2E6F6E7B0054C08E /* ArticleList_WalmartTests.xctest */ = {isa = PBXFileReference; explicitFileType = wrapper.cfbundle; includeInIndex = 0; path = ArticleList_WalmartTests.xctest; sourceTree = BUILT_PRODUCTS_DIR; };
		3E6CA6142E6F6E7B0054C08E /* ArticleList_WalmartUITests.xctest */ = {isa = PBXFileReference; explicitFileType = wrapper.cfbundle; includeInIndex = 0; path = ArticleList_WalmartUITests.xctest; sourceTree = BUILT_PRODUCTS_DIR; };
/* End PBXFileReference section */

/* Begin PBXFileSystemSynchronizedBuildFileExceptionSet section */
		3E6CA61C2E6F6E7B0054C08E /* Exceptions for "ArticleList_Walmart" folder in "ArticleList_Walmart" target */ = {
			isa = PBXFileSystemSynchronizedBuildFileExceptionSet;
			membershipExceptions = (
				Info.plist,
			);
			target = 3E6CA5F32E6F6E790054C08E /* ArticleList_Walmart */;
		};
/* End PBXFileSystemSynchronizedBuildFileExceptionSet section */

/* Begin PBXFileSystemSynchronizedRootGroup section */
		3E6CA5F62E6F6E790054C08E /* ArticleList_Walmart */ = {
			isa = PBXFileSystemSynchronizedRootGroup;
			exceptions = (
				3E6CA61C2E6F6E7B0054C08E /* Exceptions for "ArticleList_Walmart" folder in "ArticleList_Walmart" target */,
			);
			path = ArticleList_Walmart;
			sourceTree = "<group>";
		};
		3E6CA60D2E6F6E7B0054C08E /* ArticleList_WalmartTests */ = {
			isa = PBXFileSystemSynchronizedRootGroup;
			path = ArticleList_WalmartTests;
			sourceTree = "<group>";
		};
		3E6CA6172E6F6E7B0054C08E /* ArticleList_WalmartUITests */ = {
			isa = PBXFileSystemSynchronizedRootGroup;
			path = ArticleList_WalmartUITests;
			sourceTree = "<group>";
		};
/* End PBXFileSystemSynchronizedRootGroup section */

/* Begin PBXFrameworksBuildPhase section */
		3E6CA5F12E6F6E790054C08E /* Frameworks */ = {
			isa = PBXFrameworksBuildPhase;
			buildActionMask = 2147483647;
			files = (
			);
			runOnlyForDeploymentPostprocessing = 0;
		};
		3E6CA6072E6F6E7B0054C08E /* Frameworks */ = {
			isa = PBXFrameworksBuildPhase;
			buildActionMask = 2147483647;
			files = (
			);
			runOnlyForDeploymentPostprocessing = 0;
		};
		3E6CA6112E6F6E7B0054C08E /* Frameworks */ = {
			isa = PBXFrameworksBuildPhase;
			buildActionMask = 2147483647;
			files = (
			);
			runOnlyForDeploymentPostprocessing = 0;
		};
/* End PBXFrameworksBuildPhase section */

/* Begin PBXGroup section */
		3E6CA5EB2E6F6E790054C08E = {
			isa = PBXGroup;
			children = (
				3E6CA5F62E6F6E790054C08E /* ArticleList_Walmart */,
				3E6CA60D2E6F6E7B0054C08E /* ArticleList_WalmartTests */,
				3E6CA6172E6F6E7B0054C08E /* ArticleList_WalmartUITests */,
				3E6CA5F52E6F6E790054C08E /* Products */,
			);
			sourceTree = "<group>";
		};
		3E6CA5F52E6F6E790054C08E /* Products */ = {
			isa = PBXGroup;
			children = (
				3E6CA5F42E6F6E790054C08E /* ArticleList_Walmart.app */,
				3E6CA60A2E6F6E7B0054C08E /* ArticleList_WalmartTests.xctest */,
				3E6CA6142E6F6E7B0054C08E /* ArticleList_WalmartUITests.xctest */,
			);
			name = Products;
			sourceTree = "<group>";
		};
/* End PBXGroup section */

/* Begin PBXNativeTarget section */
		3E6CA5F32E6F6E790054C08E /* ArticleList_Walmart */ = {
			isa = PBXNativeTarget;
			buildConfigurationList = 3E6CA61D2E6F6E7B0054C08E /* Build configuration list for PBXNativeTarget "ArticleList_Walmart" */;
			buildPhases = (
				3E6CA5F02E6F6E790054C08E /* Sources */,
				3E6CA5F12E6F6E790054C08E /* Frameworks */,
				3E6CA5F22E6F6E790054C08E /* Resources */,
			);
			buildRules = (
			);
			dependencies = (
			);
			fileSystemSynchronizedGroups = (
				3E6CA5F62E6F6E790054C08E /* ArticleList_Walmart */,
			);
			name = ArticleList_Walmart;
			packageProductDependencies = (
			);
			productName = ArticleList_Walmart;
			productReference = 3E6CA5F42E6F6E790054C08E /* ArticleList_Walmart.app */;
			productType = "com.apple.product-type.application";
		};
		3E6CA6092E6F6E7B0054C08E /* ArticleList_WalmartTests */ = {
			isa = PBXNativeTarget;
			buildConfigurationList = 3E6CA6222E6F6E7B0054C08E /* Build configuration list for PBXNativeTarget "ArticleList_WalmartTests" */;
			buildPhases = (
				3E6CA6062E6F6E7B0054C08E /* Sources */,
				3E6CA6072E6F6E7B0054C08E /* Frameworks */,
				3E6CA6082E6F6E7B0054C08E /* Resources */,
			);
			buildRules = (
			);
			dependencies = (
				3E6CA60C2E6F6E7B0054C08E /* PBXTargetDependency */,
			);
			fileSystemSynchronizedGroups = (
				3E6CA60D2E6F6E7B0054C08E /* ArticleList_WalmartTests */,
			);
			name = ArticleList_WalmartTests;
			packageProductDependencies = (
			);
			productName = ArticleList_WalmartTests;
			productReference = 3E6CA60A2E6F6E7B0054C08E /* ArticleList_WalmartTests.xctest */;
			productType = "com.apple.product-type.bundle.unit-test";
		};
		3E6CA6132E6F6E7B0054C08E /* ArticleList_WalmartUITests */ = {
			isa = PBXNativeTarget;
			buildConfigurationList = 3E6CA6252E6F6E7B0054C08E /* Build configuration list for PBXNativeTarget "ArticleList_WalmartUITests" */;
			buildPhases = (
				3E6CA6102E6F6E7B0054C08E /* Sources */,
				3E6CA6112E6F6E7B0054C08E /* Frameworks */,
				3E6CA6122E6F6E7B0054C08E /* Resources */,
			);
			buildRules = (
			);
			dependencies = (
				3E6CA6162E6F6E7B0054C08E /* PBXTargetDependency */,
			);
			fileSystemSynchronizedGroups = (
				3E6CA6172E6F6E7B0054C08E /* ArticleList_WalmartUITests */,
			);
			name = ArticleList_WalmartUITests;
			packageProductDependencies = (
			);
			productName = ArticleList_WalmartUITests;
			productReference = 3E6CA6142E6F6E7B0054C08E /* ArticleList_WalmartUITests.xctest */;
			productType = "com.apple.product-type.bundle.ui-testing";
		};
/* End PBXNativeTarget section */

/* Begin PBXProject section */
		3E6CA5EC2E6F6E790054C08E /* Project object */ = {
			isa = PBXProject;
			attributes = {
				BuildIndependentTargetsInParallel = 1;
				LastSwiftUpdateCheck = 1640;
				LastUpgradeCheck = 1640;
				TargetAttributes = {
					3E6CA5F32E6F6E790054C08E = {
						CreatedOnToolsVersion = 16.4;
					};
					3E6CA6092E6F6E7B0054C08E = {
						CreatedOnToolsVersion = 16.4;
						TestTargetID = 3E6CA5F32E6F6E790054C08E;
					};
					3E6CA6132E6F6E7B0054C08E = {
						CreatedOnToolsVersion = 16.4;
						TestTargetID = 3E6CA5F32E6F6E790054C08E;
					};
				};
			};
			buildConfigurationList = 3E6CA5EF2E6F6E790054C08E /* Build configuration list for PBXProject "ArticleList_Walmart" */;
			developmentRegion = en;
			hasScannedForEncodings = 0;
			knownRegions = (
				en,
				Base,
			);
			mainGroup = 3E6CA5EB2E6F6E790054C08E;
			minimizedProjectReferenceProxies = 1;
			preferredProjectObjectVersion = 77;
			productRefGroup = 3E6CA5F52E6F6E790054C08E /* Products */;
			projectDirPath = "";
			projectRoot = "";
			targets = (
				3E6CA5F32E6F6E790054C08E /* ArticleList_Walmart */,
				3E6CA6092E6F6E7B0054C08E /* ArticleList_WalmartTests */,
				3E6CA6132E6F6E7B0054C08E /* ArticleList_WalmartUITests */,
			);
		};
/* End PBXProject section */

/* Begin PBXResourcesBuildPhase section */
		3E6CA5F22E6F6E790054C08E /* Resources */ = {
			isa = PBXResourcesBuildPhase;
			buildActionMask = 2147483647;
			files = (
			);
			runOnlyForDeploymentPostprocessing = 0;
		};
		3E6CA6082E6F6E7B0054C08E /* Resources */ = {
			isa = PBXResourcesBuildPhase;
			buildActionMask = 2147483647;
			files = (
			);
			runOnlyForDeploymentPostprocessing = 0;
		};
		3E6CA6122E6F6E7B0054C08E /* Resources */ = {
			isa = PBXResourcesBuildPhase;
			buildActionMask = 2147483647;
			files = (
			);
			runOnlyForDeploymentPostprocessing = 0;
		};
/* End PBXResourcesBuildPhase section */

/* Begin PBXSourcesBuildPhase section */
		3E6CA5F02E6F6E790054C08E /* Sources */ = {
			isa = PBXSourcesBuildPhase;
			buildActionMask = 2147483647;
			files = (
			);
			runOnlyForDeploymentPostprocessing = 0;
		};
		3E6CA6062E6F6E7B0054C08E /* Sources */ = {
			isa = PBXSourcesBuildPhase;
			buildActionMask = 2147483647;
			files = (
			);
			runOnlyForDeploymentPostprocessing = 0;
		};
		3E6CA6102E6F6E7B0054C08E /* Sources */ = {
			isa = PBXSourcesBuildPhase;
			buildActionMask = 2147483647;
			files = (
			);
			runOnlyForDeploymentPostprocessing = 0;
		};
/* End PBXSourcesBuildPhase section */

/* Begin PBXTargetDependency section */
		3E6CA60C2E6F6E7B0054C08E /* PBXTargetDependency */ = {
			isa = PBXTargetDependency;
			target = 3E6CA5F32E6F6E790054C08E /* ArticleList_Walmart */;
			targetProxy = 3E6CA60B2E6F6E7B0054C08E /* PBXContainerItemProxy */;
		};
		3E6CA6162E6F6E7B0054C08E /* PBXTargetDependency */ = {
			isa = PBXTargetDependency;
			target = 3E6CA5F32E6F6E790054C08E /* ArticleList_Walmart */;
			targetProxy = 3E6CA6152E6F6E7B0054C08E /* PBXContainerItemProxy */;
		};
/* End PBXTargetDependency section */

/* Begin XCBuildConfiguration section */
		3E6CA61E2E6F6E7B0054C08E /* Debug */ = {
			isa = XCBuildConfiguration;
			buildSettings = {
				ASSETCATALOG_COMPILER_APPICON_NAME = AppIcon;
				ASSETCATALOG_COMPILER_GLOBAL_ACCENT_COLOR_NAME = AccentColor;
				CODE_SIGN_STYLE = Automatic;
				CURRENT_PROJECT_VERSION = 1;
				GENERATE_INFOPLIST_FILE = YES;
				INFOPLIST_FILE = ArticleList_Walmart/Info.plist;
				INFOPLIST_KEY_UIApplicationSupportsIndirectInputEvents = YES;
				INFOPLIST_KEY_UILaunchStoryboardName = LaunchScreen;
				INFOPLIST_KEY_UIMainStoryboardFile = Main;
				INFOPLIST_KEY_UISupportedInterfaceOrientations_iPad = "UIInterfaceOrientationPortrait UIInterfaceOrientationPortraitUpsideDown UIInterfaceOrientationLandscapeLeft UIInterfaceOrientationLandscapeRight";
				INFOPLIST_KEY_UISupportedInterfaceOrientations_iPhone = "UIInterfaceOrientationPortrait UIInterfaceOrientationLandscapeLeft UIInterfaceOrientationLandscapeRight";
				LD_RUNPATH_SEARCH_PATHS = (
					"$(inherited)",
					"@executable_path/Frameworks",
				);
				MARKETING_VERSION = 1.0;
				PRODUCT_BUNDLE_IDENTIFIER = "com.koushik.walmart.ArticleList-Walmart";
				PRODUCT_NAME = "$(TARGET_NAME)";
				SWIFT_EMIT_LOC_STRINGS = YES;
				SWIFT_VERSION = 5.0;
				TARGETED_DEVICE_FAMILY = "1,2";
			};
			name = Debug;
		};
		3E6CA61F2E6F6E7B0054C08E /* Release */ = {
			isa = XCBuildConfiguration;
			buildSettings = {
				ASSETCATALOG_COMPILER_APPICON_NAME = AppIcon;
				ASSETCATALOG_COMPILER_GLOBAL_ACCENT_COLOR_NAME = AccentColor;
				CODE_SIGN_STYLE = Automatic;
				CURRENT_PROJECT_VERSION = 1;
				GENERATE_INFOPLIST_FILE = YES;
				INFOPLIST_FILE = ArticleList_Walmart/Info.plist;
				INFOPLIST_KEY_UIApplicationSupportsIndirectInputEvents = YES;
				INFOPLIST_KEY_UILaunchStoryboardName = LaunchScreen;
				INFOPLIST_KEY_UIMainStoryboardFile = Main;
				INFOPLIST_KEY_UISupportedInterfaceOrientations_iPad = "UIInterfaceOrientationPortrait UIInterfaceOrientationPortraitUpsideDown UIInterfaceOrientationLandscapeLeft UIInterfaceOrientationLandscapeRight";
				INFOPLIST_KEY_UISupportedInterfaceOrientations_iPhone = "UIInterfaceOrientationPortrait UIInterfaceOrientationLandscapeLeft UIInterfaceOrientationLandscapeRight";
				LD_RUNPATH_SEARCH_PATHS = (
					"$(inherited)",
					"@executable_path/Frameworks",
				);
				MARKETING_VERSION = 1.0;
				PRODUCT_BUNDLE_IDENTIFIER = "com.koushik.walmart.ArticleList-Walmart";
				PRODUCT_NAME = "$(TARGET_NAME)";
				SWIFT_EMIT_LOC_STRINGS = YES;
				SWIFT_VERSION = 5.0;
				TARGETED_DEVICE_FAMILY = "1,2";
			};
			name = Release;
		};
		3E6CA6202E6F6E7B0054C08E /* Debug */ = {
			isa = XCBuildConfiguration;
			buildSettings = {
				ALWAYS_SEARCH_USER_PATHS = NO;
				ASSETCATALOG_COMPILER_GENERATE_SWIFT_ASSET_SYMBOL_EXTENSIONS = YES;
				CLANG_ANALYZER_NONNULL = YES;
				CLANG_ANALYZER_NUMBER_OBJECT_CONVERSION = YES_AGGRESSIVE;
				CLANG_CXX_LANGUAGE_STANDARD = "gnu++20";
				CLANG_ENABLE_MODULES = YES;
				CLANG_ENABLE_OBJC_ARC = YES;
				CLANG_ENABLE_OBJC_WEAK = YES;
				CLANG_WARN_BLOCK_CAPTURE_AUTORELEASING = YES;
				CLANG_WARN_BOOL_CONVERSION = YES;
				CLANG_WARN_COMMA = YES;
				CLANG_WARN_CONSTANT_CONVERSION = YES;
				CLANG_WARN_DEPRECATED_OBJC_IMPLEMENTATIONS = YES;
				CLANG_WARN_DIRECT_OBJC_ISA_USAGE = YES_ERROR;
				CLANG_WARN_DOCUMENTATION_COMMENTS = YES;
				CLANG_WARN_EMPTY_BODY = YES;
				CLANG_WARN_ENUM_CONVERSION = YES;
				CLANG_WARN_INFINITE_RECURSION = YES;
				CLANG_WARN_INT_CONVERSION = YES;
				CLANG_WARN_NON_LITERAL_NULL_CONVERSION = YES;
				CLANG_WARN_OBJC_IMPLICIT_RETAIN_SELF = YES;
				CLANG_WARN_OBJC_LITERAL_CONVERSION = YES;
				CLANG_WARN_OBJC_ROOT_CLASS = YES_ERROR;
				CLANG_WARN_QUOTED_INCLUDE_IN_FRAMEWORK_HEADER = YES;
				CLANG_WARN_RANGE_LOOP_ANALYSIS = YES;
				CLANG_WARN_STRICT_PROTOTYPES = YES;
				CLANG_WARN_SUSPICIOUS_MOVE = YES;
				CLANG_WARN_UNGUARDED_AVAILABILITY = YES_AGGRESSIVE;
				CLANG_WARN_UNREACHABLE_CODE = YES;
				CLANG_WARN__DUPLICATE_METHOD_MATCH = YES;
				COPY_PHASE_STRIP = NO;
				DEBUG_INFORMATION_FORMAT = dwarf;
				ENABLE_STRICT_OBJC_MSGSEND = YES;
				ENABLE_TESTABILITY = YES;
				ENABLE_USER_SCRIPT_SANDBOXING = YES;
				GCC_C_LANGUAGE_STANDARD = gnu17;
				GCC_DYNAMIC_NO_PIC = NO;
				GCC_NO_COMMON_BLOCKS = YES;
				GCC_OPTIMIZATION_LEVEL = 0;
				GCC_PREPROCESSOR_DEFINITIONS = (
					"DEBUG=1",
					"$(inherited)",
				);
				GCC_WARN_64_TO_32_BIT_CONVERSION = YES;
				GCC_WARN_ABOUT_RETURN_TYPE = YES_ERROR;
				GCC_WARN_UNDECLARED_SELECTOR = YES;
				GCC_WARN_UNINITIALIZED_AUTOS = YES_AGGRESSIVE;
				GCC_WARN_UNUSED_FUNCTION = YES;
				GCC_WARN_UNUSED_VARIABLE = YES;
				IPHONEOS_DEPLOYMENT_TARGET = 18.5;
				LOCALIZATION_PREFERS_STRING_CATALOGS = YES;
				MTL_ENABLE_DEBUG_INFO = INCLUDE_SOURCE;
				MTL_FAST_MATH = YES;
				ONLY_ACTIVE_ARCH = YES;
				SDKROOT = iphoneos;
				SWIFT_ACTIVE_COMPILATION_CONDITIONS = "DEBUG $(inherited)";
				SWIFT_OPTIMIZATION_LEVEL = "-Onone";
			};
			name = Debug;
		};
		3E6CA6212E6F6E7B0054C08E /* Release */ = {
			isa = XCBuildConfiguration;
			buildSettings = {
				ALWAYS_SEARCH_USER_PATHS = NO;
				ASSETCATALOG_COMPILER_GENERATE_SWIFT_ASSET_SYMBOL_EXTENSIONS = YES;
				CLANG_ANALYZER_NONNULL = YES;
				CLANG_ANALYZER_NUMBER_OBJECT_CONVERSION = YES_AGGRESSIVE;
				CLANG_CXX_LANGUAGE_STANDARD = "gnu++20";
				CLANG_ENABLE_MODULES = YES;
				CLANG_ENABLE_OBJC_ARC = YES;
				CLANG_ENABLE_OBJC_WEAK = YES;
				CLANG_WARN_BLOCK_CAPTURE_AUTORELEASING = YES;
				CLANG_WARN_BOOL_CONVERSION = YES;
				CLANG_WARN_COMMA = YES;
				CLANG_WARN_CONSTANT_CONVERSION = YES;
				CLANG_WARN_DEPRECATED_OBJC_IMPLEMENTATIONS = YES;
				CLANG_WARN_DIRECT_OBJC_ISA_USAGE = YES_ERROR;
				CLANG_WARN_DOCUMENTATION_COMMENTS = YES;
				CLANG_WARN_EMPTY_BODY = YES;
				CLANG_WARN_ENUM_CONVERSION = YES;
				CLANG_WARN_INFINITE_RECURSION = YES;
				CLANG_WARN_INT_CONVERSION = YES;
				CLANG_WARN_NON_LITERAL_NULL_CONVERSION = YES;
				CLANG_WARN_OBJC_IMPLICIT_RETAIN_SELF = YES;
				CLANG_WARN_OBJC_LITERAL_CONVERSION = YES;
				CLANG_WARN_OBJC_ROOT_CLASS = YES_ERROR;
				CLANG_WARN_QUOTED_INCLUDE_IN_FRAMEWORK_HEADER = YES;
				CLANG_WARN_RANGE_LOOP_ANALYSIS = YES;
				CLANG_WARN_STRICT_PROTOTYPES = YES;
				CLANG_WARN_SUSPICIOUS_MOVE = YES;
				CLANG_WARN_UNGUARDED_AVAILABILITY = YES_AGGRESSIVE;
				CLANG_WARN_UNREACHABLE_CODE = YES;
				CLANG_WARN__DUPLICATE_METHOD_MATCH = YES;
				COPY_PHASE_STRIP = NO;
				DEBUG_INFORMATION_FORMAT = "dwarf-with-dsym";
				ENABLE_NS_ASSERTIONS = NO;
				ENABLE_STRICT_OBJC_MSGSEND = YES;
				ENABLE_USER_SCRIPT_SANDBOXING = YES;
				GCC_C_LANGUAGE_STANDARD = gnu17;
				GCC_NO_COMMON_BLOCKS = YES;
				GCC_WARN_64_TO_32_BIT_CONVERSION = YES;
				GCC_WARN_ABOUT_RETURN_TYPE = YES_ERROR;
				GCC_WARN_UNDECLARED_SELECTOR = YES;
				GCC_WARN_UNINITIALIZED_AUTOS = YES_AGGRESSIVE;
				GCC_WARN_UNUSED_FUNCTION = YES;
				GCC_WARN_UNUSED_VARIABLE = YES;
				IPHONEOS_DEPLOYMENT_TARGET = 18.5;
				LOCALIZATION_PREFERS_STRING_CATALOGS = YES;
				MTL_ENABLE_DEBUG_INFO = NO;
				MTL_FAST_MATH = YES;
				SDKROOT = iphoneos;
				SWIFT_COMPILATION_MODE = wholemodule;
				VALIDATE_PRODUCT = YES;
			};
			name = Release;
		};
		3E6CA6232E6F6E7B0054C08E /* Debug */ = {
			isa = XCBuildConfiguration;
			buildSettings = {
				BUNDLE_LOADER = "$(TEST_HOST)";
				CODE_SIGN_STYLE = Automatic;
				CURRENT_PROJECT_VERSION = 1;
				GENERATE_INFOPLIST_FILE = YES;
				IPHONEOS_DEPLOYMENT_TARGET = 18.5;
				MARKETING_VERSION = 1.0;
				PRODUCT_BUNDLE_IDENTIFIER = "com.koushik.walmart.ArticleList-WalmartTests";
				PRODUCT_NAME = "$(TARGET_NAME)";
				SWIFT_EMIT_LOC_STRINGS = NO;
				SWIFT_VERSION = 5.0;
				TARGETED_DEVICE_FAMILY = "1,2";
				TEST_HOST = "$(BUILT_PRODUCTS_DIR)/ArticleList_Walmart.app/$(BUNDLE_EXECUTABLE_FOLDER_PATH)/ArticleList_Walmart";
			};
			name = Debug;
		};
		3E6CA6242E6F6E7B0054C08E /* Release */ = {
			isa = XCBuildConfiguration;
			buildSettings = {
				BUNDLE_LOADER = "$(TEST_HOST)";
				CODE_SIGN_STYLE = Automatic;
				CURRENT_PROJECT_VERSION = 1;
				GENERATE_INFOPLIST_FILE = YES;
				IPHONEOS_DEPLOYMENT_TARGET = 18.5;
				MARKETING_VERSION = 1.0;
				PRODUCT_BUNDLE_IDENTIFIER = "com.koushik.walmart.ArticleList-WalmartTests";
				PRODUCT_NAME = "$(TARGET_NAME)";
				SWIFT_EMIT_LOC_STRINGS = NO;
				SWIFT_VERSION = 5.0;
				TARGETED_DEVICE_FAMILY = "1,2";
				TEST_HOST = "$(BUILT_PRODUCTS_DIR)/ArticleList_Walmart.app/$(BUNDLE_EXECUTABLE_FOLDER_PATH)/ArticleList_Walmart";
			};
			name = Release;
		};
		3E6CA6262E6F6E7B0054C08E /* Debug */ = {
			isa = XCBuildConfiguration;
			buildSettings = {
				CODE_SIGN_STYLE = Automatic;
				CURRENT_PROJECT_VERSION = 1;
				GENERATE_INFOPLIST_FILE = YES;
				MARKETING_VERSION = 1.0;
				PRODUCT_BUNDLE_IDENTIFIER = "com.koushik.walmart.ArticleList-WalmartUITests";
				PRODUCT_NAME = "$(TARGET_NAME)";
				SWIFT_EMIT_LOC_STRINGS = NO;
				SWIFT_VERSION = 5.0;
				TARGETED_DEVICE_FAMILY = "1,2";
				TEST_TARGET_NAME = ArticleList_Walmart;
			};
			name = Debug;
		};
		3E6CA6272E6F6E7B0054C08E /* Release */ = {
			isa = XCBuildConfiguration;
			buildSettings = {
				CODE_SIGN_STYLE = Automatic;
				CURRENT_PROJECT_VERSION = 1;
				GENERATE_INFOPLIST_FILE = YES;
				MARKETING_VERSION = 1.0;
				PRODUCT_BUNDLE_IDENTIFIER = "com.koushik.walmart.ArticleList-WalmartUITests";
				PRODUCT_NAME = "$(TARGET_NAME)";
				SWIFT_EMIT_LOC_STRINGS = NO;
				SWIFT_VERSION = 5.0;
				TARGETED_DEVICE_FAMILY = "1,2";
				TEST_TARGET_NAME = ArticleList_Walmart;
			};
			name = Release;
		};
/* End XCBuildConfiguration section */

/* Begin XCConfigurationList section */
		3E6CA5EF2E6F6E790054C08E /* Build configuration list for PBXProject "ArticleList_Walmart" */ = {
			isa = XCConfigurationList;
			buildConfigurations = (
				3E6CA6202E6F6E7B0054C08E /* Debug */,
				3E6CA6212E6F6E7B0054C08E /* Release */,
			);
			defaultConfigurationIsVisible = 0;
			defaultConfigurationName = Release;
		};
		3E6CA61D2E6F6E7B0054C08E /* Build configuration list for PBXNativeTarget "ArticleList_Walmart" */ = {
			isa = XCConfigurationList;
			buildConfigurations = (
				3E6CA61E2E6F6E7B0054C08E /* Debug */,
				3E6CA61F2E6F6E7B0054C08E /* Release */,
			);
			defaultConfigurationIsVisible = 0;
			defaultConfigurationName = Release;
		};
		3E6CA6222E6F6E7B0054C08E /* Build configuration list for PBXNativeTarget "ArticleList_WalmartTests" */ = {
			isa = XCConfigurationList;
			buildConfigurations = (
				3E6CA6232E6F6E7B0054C08E /* Debug */,
				3E6CA6242E6F6E7B0054C08E /* Release */,
			);
			defaultConfigurationIsVisible = 0;
			defaultConfigurationName = Release;
		};
		3E6CA6252E6F6E7B0054C08E /* Build configuration list for PBXNativeTarget "ArticleList_WalmartUITests" */ = {
			isa = XCConfigurationList;
			buildConfigurations = (
				3E6CA6262E6F6E7B0054C08E /* Debug */,
				3E6CA6272E6F6E7B0054C08E /* Release */,
			);
			defaultConfigurationIsVisible = 0;
			defaultConfigurationName = Release;
		};
/* End XCConfigurationList section */
	};
	rootObject = 3E6CA5EC2E6F6E790054C08E /* Project object */;
}
